
Microsoft Visual Studio Solution File, Format Version 10.00
# Visual Studio 2008
Project("{E24C65DC-7377-472B-9ABA-BC803B73C61A}") = "PostWeb", "PostWeb\", "{43953D0B-97AC-4902-94B2-981C53481ECA}"
	ProjectSection(WebsiteProperties) = preProject
		TargetFramework = "3.5"
		ProjectReferences = "{7F2E01EC-8210-414D-A1FC-64A68E328B25}|Com.DianShi.BusinessRules.Member.dll;{3645DD40-55AC-4B84-ACAF-C2243D30D27F}|Com.DianShi.BusinessRules.Product.dll;{A09622AB-70BD-45E0-B702-BC0D5D301372}|Com.DianShi.Model.Member.dll;{CB56EF5F-7015-4634-BB7F-742A4820C1FF}|Common.dll;{9059D062-9A62-453A-8AC9-470270117AFE}|DBUtility.dll;{8C1C5769-49C7-4C69-A7BF-ACF245E304FA}|Com.DianShi.Model.Product.dll;{E787A4CB-1647-414F-969A-5AB46B025D75}|Com.DianShi.BusinessRules.Album.dll;{22B64191-D3E9-472C-A12D-A2E5A0A88682}|Com.DianShi.Model.Album.dll;{92C621B0-5B29-4ECF-AA77-D2901D7B07AF}|Com.DianShi.BusinessRules.Community.dll;{78FD6204-5ED1-4955-8F14-8531F9D89482}|Com.DianShi.Model.Community.dll;{508953E5-6810-4D78-8873-6FACC63B8214}|SDG.Cache.dll;"
		Debug.AspNetCompiler.VirtualPath = "/PostWeb"
		Debug.AspNetCompiler.PhysicalPath = "PostWeb\"
		Debug.AspNetCompiler.TargetPath = "PrecompiledWeb\PostWeb\"
		Debug.AspNetCompiler.Updateable = "true"
		Debug.AspNetCompiler.ForceOverwrite = "true"
		Debug.AspNetCompiler.FixedNames = "false"
		Debug.AspNetCompiler.Debug = "True"
		Release.AspNetCompiler.VirtualPath = "/PostWeb"
		Release.AspNetCompiler.PhysicalPath = "PostWeb\"
		Release.AspNetCompiler.TargetPath = "PrecompiledWeb\PostWeb\"
		Release.AspNetCompiler.Updateable = "true"
		Release.AspNetCompiler.ForceOverwrite = "true"
		Release.AspNetCompiler.FixedNames = "false"
		Release.AspNetCompiler.Debug = "False"
		VWDPort = "1555"
		DefaultWebSiteLanguage = "Visual C#"
	EndProjectSection
EndProject
Project("{FAE04EC0-301F-11D3-BF4B-00C04F79EFBC}") = "Com.DianShi.Model.Product", "Com.DianShi.Model.Product\Com.DianShi.Model.Product.csproj", "{8C1C5769-49C7-4C69-A7BF-ACF245E304FA}"
EndProject
Project("{FAE04EC0-301F-11D3-BF4B-00C04F79EFBC}") = "Com.DianShi.BusinessRules.Product", "Com.DianShi.BusinessRules.Product\Com.DianShi.BusinessRules.Product.csproj", "{3645DD40-55AC-4B84-ACAF-C2243D30D27F}"
EndProject
Project("{FAE04EC0-301F-11D3-BF4B-00C04F79EFBC}") = "Com.DianShi.Model.Member", "Com.DianShi.Model.Member\Com.DianShi.Model.Member.csproj", "{A09622AB-70BD-45E0-B702-BC0D5D301372}"
EndProject
Project("{FAE04EC0-301F-11D3-BF4B-00C04F79EFBC}") = "Com.DianShi.BusinessRules.Member", "Com.DianShi.BusinessRules.Member\Com.DianShi.BusinessRules.Member.csproj", "{7F2E01EC-8210-414D-A1FC-64A68E328B25}"
EndProject
Project("{FAE04EC0-301F-11D3-BF4B-00C04F79EFBC}") = "Common", "Common\Common.csproj", "{CB56EF5F-7015-4634-BB7F-742A4820C1FF}"
EndProject
Project("{FAE04EC0-301F-11D3-BF4B-00C04F79EFBC}") = "DBUtility", "DBUtility\DBUtility.csproj", "{9059D062-9A62-453A-8AC9-470270117AFE}"
EndProject
Project("{FAE04EC0-301F-11D3-BF4B-00C04F79EFBC}") = "Com.DianShi.Model.Album", "Com.DianShi.Model.Album\Com.DianShi.Model.Album.csproj", "{22B64191-D3E9-472C-A12D-A2E5A0A88682}"
EndProject
Project("{FAE04EC0-301F-11D3-BF4B-00C04F79EFBC}") = "Com.DianShi.BusinessRules.Album", "Com.DianShi.BusinessRules.Album\Com.DianShi.BusinessRules.Album.csproj", "{E787A4CB-1647-414F-969A-5AB46B025D75}"
EndProject
Project("{FAE04EC0-301F-11D3-BF4B-00C04F79EFBC}") = "Com.DianShi.Model.Community", "Com.DianShi.Model.Community\Com.DianShi.Model.Community.csproj", "{78FD6204-5ED1-4955-8F14-8531F9D89482}"
EndProject
Project("{FAE04EC0-301F-11D3-BF4B-00C04F79EFBC}") = "Com.DianShi.BusinessRules.Community", "Com.DianShi.BusinessRules.Community\Com.DianShi.BusinessRules.Community.csproj", "{92C621B0-5B29-4ECF-AA77-D2901D7B07AF}"
EndProject
Project("{FAE04EC0-301F-11D3-BF4B-00C04F79EFBC}") = "SDG.Cache", "SDG.Cache\SDG.Cache.csproj", "{508953E5-6810-4D78-8873-6FACC63B8214}"
EndProject
Global
	GlobalSection(SolutionConfigurationPlatforms) = preSolution
		Debug|.NET = Debug|.NET
		Debug|Any CPU = Debug|Any CPU
		Debug|Mixed Platforms = Debug|Mixed Platforms
		Release|.NET = Release|.NET
		Release|Any CPU = Release|Any CPU
		Release|Mixed Platforms = Release|Mixed Platforms
	EndGlobalSection
	GlobalSection(ProjectConfigurationPlatforms) = postSolution
		{43953D0B-97AC-4902-94B2-981C53481ECA}.Debug|.NET.ActiveCfg = Debug|.NET
		{43953D0B-97AC-4902-94B2-981C53481ECA}.Debug|.NET.Build.0 = Debug|.NET
		{43953D0B-97AC-4902-94B2-981C53481ECA}.Debug|Any CPU.ActiveCfg = Debug|.NET
		{43953D0B-97AC-4902-94B2-981C53481ECA}.Debug|Mixed Platforms.ActiveCfg = Debug|.NET
		{43953D0B-97AC-4902-94B2-981C53481ECA}.Debug|Mixed Platforms.Build.0 = Debug|.NET
		{43953D0B-97AC-4902-94B2-981C53481ECA}.Release|.NET.ActiveCfg = Debug|.NET
		{43953D0B-97AC-4902-94B2-981C53481ECA}.Release|.NET.Build.0 = Debug|.NET
		{43953D0B-97AC-4902-94B2-981C53481ECA}.Release|Any CPU.ActiveCfg = Debug|.NET
		{43953D0B-97AC-4902-94B2-981C53481ECA}.Release|Mixed Platforms.ActiveCfg = Debug|.NET
		{43953D0B-97AC-4902-94B2-981C53481ECA}.Release|Mixed Platforms.Build.0 = Debug|.NET
		{8C1C5769-49C7-4C69-A7BF-ACF245E304FA}.Debug|.NET.ActiveCfg = Debug|Any CPU
		{8C1C5769-49C7-4C69-A7BF-ACF245E304FA}.Debug|Any CPU.ActiveCfg = Debug|Any CPU
		{8C1C5769-49C7-4C69-A7BF-ACF245E304FA}.Debug|Any CPU.Build.0 = Debug|Any CPU
		{8C1C5769-49C7-4C69-A7BF-ACF245E304FA}.Debug|Mixed Platforms.ActiveCfg = Debug|Any CPU
		{8C1C5769-49C7-4C69-A7BF-ACF245E304FA}.Debug|Mixed Platforms.Build.0 = Debug|Any CPU
		{8C1C5769-49C7-4C69-A7BF-ACF245E304FA}.Release|.NET.ActiveCfg = Release|Any CPU
		{8C1C5769-49C7-4C69-A7BF-ACF245E304FA}.Release|Any CPU.ActiveCfg = Release|Any CPU
		{8C1C5769-49C7-4C69-A7BF-ACF245E304FA}.Release|Any CPU.Build.0 = Release|Any CPU
		{8C1C5769-49C7-4C69-A7BF-ACF245E304FA}.Release|Mixed Platforms.ActiveCfg = Release|Any CPU
		{8C1C5769-49C7-4C69-A7BF-ACF245E304FA}.Release|Mixed Platforms.Build.0 = Release|Any CPU
		{3645DD40-55AC-4B84-ACAF-C2243D30D27F}.Debug|.NET.ActiveCfg = Debug|Any CPU
		{3645DD40-55AC-4B84-ACAF-C2243D30D27F}.Debug|Any CPU.ActiveCfg = Debug|Any CPU
		{3645DD40-55AC-4B84-ACAF-C2243D30D27F}.Debug|Any CPU.Build.0 = Debug|Any CPU
		{3645DD40-55AC-4B84-ACAF-C2243D30D27F}.Debug|Mixed Platforms.ActiveCfg = Debug|Any CPU
		{3645DD40-55AC-4B84-ACAF-C2243D30D27F}.Debug|Mixed Platforms.Build.0 = Debug|Any CPU
		{3645DD40-55AC-4B84-ACAF-C2243D30D27F}.Release|.NET.ActiveCfg = Release|Any CPU
		{3645DD40-55AC-4B84-ACAF-C2243D30D27F}.Release|Any CPU.ActiveCfg = Release|Any CPU
		{3645DD40-55AC-4B84-ACAF-C2243D30D27F}.Release|Any CPU.Build.0 = Release|Any CPU
		{3645DD40-55AC-4B84-ACAF-C2243D30D27F}.Release|Mixed Platforms.ActiveCfg = Release|Any CPU
		{3645DD40-55AC-4B84-ACAF-C2243D30D27F}.Release|Mixed Platforms.Build.0 = Release|Any CPU
		{A09622AB-70BD-45E0-B702-BC0D5D301372}.Debug|.NET.ActiveCfg = Debug|Any CPU
		{A09622AB-70BD-45E0-B702-BC0D5D301372}.Debug|Any CPU.ActiveCfg = Debug|Any CPU
		{A09622AB-70BD-45E0-B702-BC0D5D301372}.Debug|Any CPU.Build.0 = Debug|Any CPU
		{A09622AB-70BD-45E0-B702-BC0D5D301372}.Debug|Mixed Platforms.ActiveCfg = Debug|Any CPU
		{A09622AB-70BD-45E0-B702-BC0D5D301372}.Debug|Mixed Platforms.Build.0 = Debug|Any CPU
		{A09622AB-70BD-45E0-B702-BC0D5D301372}.Release|.NET.ActiveCfg = Release|Any CPU
		{A09622AB-70BD-45E0-B702-BC0D5D301372}.Release|Any CPU.ActiveCfg = Release|Any CPU
		{A09622AB-70BD-45E0-B702-BC0D5D301372}.Release|Any CPU.Build.0 = Release|Any CPU
		{A09622AB-70BD-45E0-B702-BC0D5D301372}.Release|Mixed Platforms.ActiveCfg = Release|Any CPU
		{A09622AB-70BD-45E0-B702-BC0D5D301372}.Release|Mixed Platforms.Build.0 = Release|Any CPU
		{7F2E01EC-8210-414D-A1FC-64A68E328B25}.Debug|.NET.ActiveCfg = Debug|Any CPU
		{7F2E01EC-8210-414D-A1FC-64A68E328B25}.Debug|Any CPU.ActiveCfg = Debug|Any CPU
		{7F2E01EC-8210-414D-A1FC-64A68E328B25}.Debug|Any CPU.Build.0 = Debug|Any CPU
		{7F2E01EC-8210-414D-A1FC-64A68E328B25}.Debug|Mixed Platforms.ActiveCfg = Debug|Any CPU
		{7F2E01EC-8210-414D-A1FC-64A68E328B25}.Debug|Mixed Platforms.Build.0 = Debug|Any CPU
		{7F2E01EC-8210-414D-A1FC-64A68E328B25}.Release|.NET.ActiveCfg = Release|Any CPU
		{7F2E01EC-8210-414D-A1FC-64A68E328B25}.Release|Any CPU.ActiveCfg = Release|Any CPU
		{7F2E01EC-8210-414D-A1FC-64A68E328B25}.Release|Any CPU.Build.0 = Release|Any CPU
		{7F2E01EC-8210-414D-A1FC-64A68E328B25}.Release|Mixed Platforms.ActiveCfg = Release|Any CPU
		{7F2E01EC-8210-414D-A1FC-64A68E328B25}.Release|Mixed Platforms.Build.0 = Release|Any CPU
		{CB56EF5F-7015-4634-BB7F-742A4820C1FF}.Debug|.NET.ActiveCfg = Debug|Any CPU
		{CB56EF5F-7015-4634-BB7F-742A4820C1FF}.Debug|Any CPU.ActiveCfg = Debug|Any CPU
		{CB56EF5F-7015-4634-BB7F-742A4820C1FF}.Debug|Any CPU.Build.0 = Debug|Any CPU
		{CB56EF5F-7015-4634-BB7F-742A4820C1FF}.Debug|Mixed Platforms.ActiveCfg = Debug|Any CPU
		{CB56EF5F-7015-4634-BB7F-742A4820C1FF}.Debug|Mixed Platforms.Build.0 = Debug|Any CPU
		{CB56EF5F-7015-4634-BB7F-742A4820C1FF}.Release|.NET.ActiveCfg = Release|Any CPU
		{CB56EF5F-7015-4634-BB7F-742A4820C1FF}.Release|Any CPU.ActiveCfg = Release|Any CPU
		{CB56EF5F-7015-4634-BB7F-742A4820C1FF}.Release|Any CPU.Build.0 = Release|Any CPU
		{CB56EF5F-7015-4634-BB7F-742A4820C1FF}.Release|Mixed Platforms.ActiveCfg = Release|Any CPU
		{CB56EF5F-7015-4634-BB7F-742A4820C1FF}.Release|Mixed Platforms.Build.0 = Release|Any CPU
		{9059D062-9A62-453A-8AC9-470270117AFE}.Debug|.NET.ActiveCfg = Debug|Any CPU
		{9059D062-9A62-453A-8AC9-470270117AFE}.Debug|Any CPU.ActiveCfg = Debug|Any CPU
		{9059D062-9A62-453A-8AC9-470270117AFE}.Debug|Any CPU.Build.0 = Debug|Any CPU
		{9059D062-9A62-453A-8AC9-470270117AFE}.Debug|Mixed Platforms.ActiveCfg = Debug|Any CPU
		{9059D062-9A62-453A-8AC9-470270117AFE}.Debug|Mixed Platforms.Build.0 = Debug|Any CPU
		{9059D062-9A62-453A-8AC9-470270117AFE}.Release|.NET.ActiveCfg = Release|Any CPU
		{9059D062-9A62-453A-8AC9-470270117AFE}.Release|Any CPU.ActiveCfg = Release|Any CPU
		{9059D062-9A62-453A-8AC9-470270117AFE}.Release|Any CPU.Build.0 = Release|Any CPU
		{9059D062-9A62-453A-8AC9-470270117AFE}.Release|Mixed Platforms.ActiveCfg = Release|Any CPU
		{9059D062-9A62-453A-8AC9-470270117AFE}.Release|Mixed Platforms.Build.0 = Release|Any CPU
		{22B64191-D3E9-472C-A12D-A2E5A0A88682}.Debug|.NET.ActiveCfg = Debug|Any CPU
		{22B64191-D3E9-472C-A12D-A2E5A0A88682}.Debug|Any CPU.ActiveCfg = Debug|Any CPU
		{22B64191-D3E9-472C-A12D-A2E5A0A88682}.Debug|Any CPU.Build.0 = Debug|Any CPU
		{22B64191-D3E9-472C-A12D-A2E5A0A88682}.Debug|Mixed Platforms.ActiveCfg = Debug|Any CPU
		{22B64191-D3E9-472C-A12D-A2E5A0A88682}.Debug|Mixed Platforms.Build.0 = Debug|Any CPU
		{22B64191-D3E9-472C-A12D-A2E5A0A88682}.Release|.NET.ActiveCfg = Release|Any CPU
		{22B64191-D3E9-472C-A12D-A2E5A0A88682}.Release|Any CPU.ActiveCfg = Release|Any CPU
		{22B64191-D3E9-472C-A12D-A2E5A0A88682}.Release|Any CPU.Build.0 = Release|Any CPU
		{22B64191-D3E9-472C-A12D-A2E5A0A88682}.Release|Mixed Platforms.ActiveCfg = Release|Any CPU
		{22B64191-D3E9-472C-A12D-A2E5A0A88682}.Release|Mixed Platforms.Build.0 = Release|Any CPU
		{E787A4CB-1647-414F-969A-5AB46B025D75}.Debug|.NET.ActiveCfg = Debug|Any CPU
		{E787A4CB-1647-414F-969A-5AB46B025D75}.Debug|Any CPU.ActiveCfg = Debug|Any CPU
		{E787A4CB-1647-414F-969A-5AB46B025D75}.Debug|Any CPU.Build.0 = Debug|Any CPU
		{E787A4CB-1647-414F-969A-5AB46B025D75}.Debug|Mixed Platforms.ActiveCfg = Debug|Any CPU
		{E787A4CB-1647-414F-969A-5AB46B025D75}.Debug|Mixed Platforms.Build.0 = Debug|Any CPU
		{E787A4CB-1647-414F-969A-5AB46B025D75}.Release|.NET.ActiveCfg = Release|Any CPU
		{E787A4CB-1647-414F-969A-5AB46B025D75}.Release|Any CPU.ActiveCfg = Release|Any CPU
		{E787A4CB-1647-414F-969A-5AB46B025D75}.Release|Any CPU.Build.0 = Release|Any CPU
		{E787A4CB-1647-414F-969A-5AB46B025D75}.Release|Mixed Platforms.ActiveCfg = Release|Any CPU
		{E787A4CB-1647-414F-969A-5AB46B025D75}.Release|Mixed Platforms.Build.0 = Release|Any CPU
		{78FD6204-5ED1-4955-8F14-8531F9D89482}.Debug|.NET.ActiveCfg = Debug|Any CPU
		{78FD6204-5ED1-4955-8F14-8531F9D89482}.Debug|Any CPU.ActiveCfg = Debug|Any CPU
		{78FD6204-5ED1-4955-8F14-8531F9D89482}.Debug|Any CPU.Build.0 = Debug|Any CPU
		{78FD6204-5ED1-4955-8F14-8531F9D89482}.Debug|Mixed Platforms.ActiveCfg = Debug|Any CPU
		{78FD6204-5ED1-4955-8F14-8531F9D89482}.Debug|Mixed Platforms.Build.0 = Debug|Any CPU
		{78FD6204-5ED1-4955-8F14-8531F9D89482}.Release|.NET.ActiveCfg = Release|Any CPU
		{78FD6204-5ED1-4955-8F14-8531F9D89482}.Release|Any CPU.ActiveCfg = Release|Any CPU
		{78FD6204-5ED1-4955-8F14-8531F9D89482}.Release|Any CPU.Build.0 = Release|Any CPU
		{78FD6204-5ED1-4955-8F14-8531F9D89482}.Release|Mixed Platforms.ActiveCfg = Release|Any CPU
		{78FD6204-5ED1-4955-8F14-8531F9D89482}.Release|Mixed Platforms.Build.0 = Release|Any CPU
		{92C621B0-5B29-4ECF-AA77-D2901D7B07AF}.Debug|.NET.ActiveCfg = Debug|Any CPU
		{92C621B0-5B29-4ECF-AA77-D2901D7B07AF}.Debug|Any CPU.ActiveCfg = Debug|Any CPU
		{92C621B0-5B29-4ECF-AA77-D2901D7B07AF}.Debug|Any CPU.Build.0 = Debug|Any CPU
		{92C621B0-5B29-4ECF-AA77-D2901D7B07AF}.Debug|Mixed Platforms.ActiveCfg = Debug|Any CPU
		{92C621B0-5B29-4ECF-AA77-D2901D7B07AF}.Debug|Mixed Platforms.Build.0 = Debug|Any CPU
		{92C621B0-5B29-4ECF-AA77-D2901D7B07AF}.Release|.NET.ActiveCfg = Release|Any CPU
		{92C621B0-5B29-4ECF-AA77-D2901D7B07AF}.Release|Any CPU.ActiveCfg = Release|Any CPU
		{92C621B0-5B29-4ECF-AA77-D2901D7B07AF}.Release|Any CPU.Build.0 = Release|Any CPU
		{92C621B0-5B29-4ECF-AA77-D2901D7B07AF}.Release|Mixed Platforms.ActiveCfg = Release|Any CPU
		{92C621B0-5B29-4ECF-AA77-D2901D7B07AF}.Release|Mixed Platforms.Build.0 = Release|Any CPU
		{508953E5-6810-4D78-8873-6FACC63B8214}.Debug|.NET.ActiveCfg = Debug|Any CPU
		{508953E5-6810-4D78-8873-6FACC63B8214}.Debug|Any CPU.ActiveCfg = Debug|Any CPU
		{508953E5-6810-4D78-8873-6FACC63B8214}.Debug|Any CPU.Build.0 = Debug|Any CPU
		{508953E5-6810-4D78-8873-6FACC63B8214}.Debug|Mixed Platforms.ActiveCfg = Debug|Any CPU
		{508953E5-6810-4D78-8873-6FACC63B8214}.Debug|Mixed Platforms.Build.0 = Debug|Any CPU
		{508953E5-6810-4D78-8873-6FACC63B8214}.Release|.NET.ActiveCfg = Release|Any CPU
		{508953E5-6810-4D78-8873-6FACC63B8214}.Release|Any CPU.ActiveCfg = Release|Any CPU
		{508953E5-6810-4D78-8873-6FACC63B8214}.Release|Any CPU.Build.0 = Release|Any CPU
		{508953E5-6810-4D78-8873-6FACC63B8214}.Release|Mixed Platforms.ActiveCfg = Release|Any CPU
		{508953E5-6810-4D78-8873-6FACC63B8214}.Release|Mixed Platforms.Build.0 = Release|Any CPU
	EndGlobalSection
	GlobalSection(SolutionProperties) = preSolution
		HideSolutionNode = FALSE
	EndGlobalSection
EndGlobal
